Microsoft Visual Studio Solution File, Format Version 11.00
# Visual Studio 2008

Project("{0C97F347-65F1-C6B6-DA64-D2089B45624D}") = "UTest02 - exemplo cubo 3d", "Assembly-CSharp.csproj", "{8A74C7D6-23F6-2101-7D9C-BBCF07A33833}"
EndProject
Global
	GlobalSection(SolutionConfigurationPlatforms) = preSolution
		Debug|Any CPU = Debug|Any CPU
		Release|Any CPU = Release|Any CPU
	EndGlobalSection
	GlobalSection(ProjectConfigurationPlatforms) = postSolution
		{8A74C7D6-23F6-2101-7D9C-BBCF07A33833}.Debug|Any CPU.ActiveCfg = Debug|Any CPU
		{8A74C7D6-23F6-2101-7D9C-BBCF07A33833}.Debug|Any CPU.Build.0 = Debug|Any CPU
		{8A74C7D6-23F6-2101-7D9C-BBCF07A33833}.Release|Any CPU.ActiveCfg = Release|Any CPU
		{8A74C7D6-23F6-2101-7D9C-BBCF07A33833}.Release|Any CPU.Build.0 = Release|Any CPU
	EndGlobalSection
	GlobalSection(SolutionProperties) = preSolution
		HideSolutionNode = FALSE
	EndGlobalSection
	GlobalSection(MonoDevelopProperties) = preSolution
		StartupItem = Assembly-CSharp.csproj
	EndGlobalSection
EndGlobal
